
Microsoft Visual Studio Solution File, Format Version 12.00
# Visual Studio Version 17
VisualStudioVersion = 17.9.34728.123
MinimumVisualStudioVersion = 10.0.40219.1
Project("{FAE04EC0-301F-11D3-BF4B-00C04F79EFBC}") = "DateBazeBank", "DateBazeBank\DateBazeBank.csproj", "{9BEC6B07-857D-4EF2-A513-B932107D2A67}"
EndProject
Project("{FAE04EC0-301F-11D3-BF4B-00C04F79EFBC}") = "ConsultantAndManager", "ConsultantAndManager\ConsultantAndManager.csproj", "{5EFD00DF-AE34-4C89-A965-CD8A87F38383}"
EndProject
Project("{FAE04EC0-301F-11D3-BF4B-00C04F79EFBC}") = "FullBazeAndNewField", "FullBazeAndNewField\FullBazeAndNewField.csproj", "{FF3C7322-67EC-4BDA-BE88-D86B63E3F777}"
EndProject
Global
	GlobalSection(SolutionConfigurationPlatforms) = preSolution
		Debug|Any CPU = Debug|Any CPU
		Release|Any CPU = Release|Any CPU
	EndGlobalSection
	GlobalSection(ProjectConfigurationPlatforms) = postSolution
		{9BEC6B07-857D-4EF2-A513-B932107D2A67}.Debug|Any CPU.ActiveCfg = Debug|Any CPU
		{9BEC6B07-857D-4EF2-A513-B932107D2A67}.Debug|Any CPU.Build.0 = Debug|Any CPU
		{9BEC6B07-857D-4EF2-A513-B932107D2A67}.Release|Any CPU.ActiveCfg = Release|Any CPU
		{9BEC6B07-857D-4EF2-A513-B932107D2A67}.Release|Any CPU.Build.0 = Release|Any CPU
		{5EFD00DF-AE34-4C89-A965-CD8A87F38383}.Debug|Any CPU.ActiveCfg = Debug|Any CPU
		{5EFD00DF-AE34-4C89-A965-CD8A87F38383}.Debug|Any CPU.Build.0 = Debug|Any CPU
		{5EFD00DF-AE34-4C89-A965-CD8A87F38383}.Release|Any CPU.ActiveCfg = Release|Any CPU
		{5EFD00DF-AE34-4C89-A965-CD8A87F38383}.Release|Any CPU.Build.0 = Release|Any CPU
		{FF3C7322-67EC-4BDA-BE88-D86B63E3F777}.Debug|Any CPU.ActiveCfg = Debug|Any CPU
		{FF3C7322-67EC-4BDA-BE88-D86B63E3F777}.Debug|Any CPU.Build.0 = Debug|Any CPU
		{FF3C7322-67EC-4BDA-BE88-D86B63E3F777}.Release|Any CPU.ActiveCfg = Release|Any CPU
		{FF3C7322-67EC-4BDA-BE88-D86B63E3F777}.Release|Any CPU.Build.0 = Release|Any CPU
	EndGlobalSection
	GlobalSection(SolutionProperties) = preSolution
		HideSolutionNode = FALSE
	EndGlobalSection
	GlobalSection(ExtensibilityGlobals) = postSolution
		SolutionGuid = {509FBA9B-5797-4AE3-915C-2784FEB12B65}
	EndGlobalSection
EndGlobal
